
Microsoft Visual Studio Solution File, Format Version 12.00
# Visual Studio Version 17
VisualStudioVersion = 17.5.33516.290
MinimumVisualStudioVersion = 10.0.40219.1
Project("{FAE04EC0-301F-11D3-BF4B-00C04F79EFBC}") = "LookProject", "Bookproject\LookProject.csproj", "{B15600DD-EA54-4968-94F3-ED74FE3B7DCD}"
EndProject
Global
	GlobalSection(SolutionConfigurationPlatforms) = preSolution
		Debug|Any CPU = Debug|Any CPU
		Release|Any CPU = Release|Any CPU
	EndGlobalSection
	GlobalSection(ProjectConfigurationPlatforms) = postSolution
		{B15600DD-EA54-4968-94F3-ED74FE3B7DCD}.Debug|Any CPU.ActiveCfg = Debug|Any CPU
		{B15600DD-EA54-4968-94F3-ED74FE3B7DCD}.Debug|Any CPU.Build.0 = Debug|Any CPU
		{B15600DD-EA54-4968-94F3-ED74FE3B7DCD}.Release|Any CPU.ActiveCfg = Release|Any CPU
		{B15600DD-EA54-4968-94F3-ED74FE3B7DCD}.Release|Any CPU.Build.0 = Release|Any CPU
	EndGlobalSection
	GlobalSection(SolutionProperties) = preSolution
		HideSolutionNode = FALSE
	EndGlobalSection
	GlobalSection(ExtensibilityGlobals) = postSolution
		SolutionGuid = {F2C5E4DF-A014-45B2-97AD-FF8BB241F676}
	EndGlobalSection
EndGlobal
